
Microsoft Visual Studio Solution File, Format Version 12.00
# Visual Studio Version 17
VisualStudioVersion = 17.14.36221.1
MinimumVisualStudioVersion = 10.0.40219.1
Project("{FAE04EC0-301F-11D3-BF4B-00C04F79EFBC}") = "RetireBuddy", "RetireBuddy\RetireBuddy.csproj", "{FC1DD411-71F1-4090-9660-F777598E833A}"
EndProject
Global
	GlobalSection(SolutionConfigurationPlatforms) = preSolution
		Debug|Any CPU = Debug|Any CPU
		Release|Any CPU = Release|Any CPU
	EndGlobalSection
	GlobalSection(ProjectConfigurationPlatforms) = postSolution
		{FC1DD411-71F1-4090-9660-F777598E833A}.Debug|Any CPU.ActiveCfg = Debug|Any CPU
		{FC1DD411-71F1-4090-9660-F777598E833A}.Debug|Any CPU.Build.0 = Debug|Any CPU
		{FC1DD411-71F1-4090-9660-F777598E833A}.Release|Any CPU.ActiveCfg = Release|Any CPU
		{FC1DD411-71F1-4090-9660-F777598E833A}.Release|Any CPU.Build.0 = Release|Any CPU
	EndGlobalSection
	GlobalSection(SolutionProperties) = preSolution
		HideSolutionNode = FALSE
	EndGlobalSection
	GlobalSection(ExtensibilityGlobals) = postSolution
		SolutionGuid = {A249A8AB-3A21-48AE-8C8C-F59B38F68877}
	EndGlobalSection
EndGlobal
